
Microsoft Visual Studio Solution File, Format Version 12.00
# Visual Studio Version 17
VisualStudioVersion = 17.9.34728.123
MinimumVisualStudioVersion = 10.0.40219.1
Project("{FAE04EC0-301F-11D3-BF4B-00C04F79EFBC}") = "BTL_HCSDL", "btll\BTL_HCSDL.csproj", "{937EDC9B-C15D-409C-ABC6-90544BB3A0F7}"
EndProject
Global
	GlobalSection(SolutionConfigurationPlatforms) = preSolution
		Debug|Any CPU = Debug|Any CPU
		Release|Any CPU = Release|Any CPU
	EndGlobalSection
	GlobalSection(ProjectConfigurationPlatforms) = postSolution
		{937EDC9B-C15D-409C-ABC6-90544BB3A0F7}.Debug|Any CPU.ActiveCfg = Debug|Any CPU
		{937EDC9B-C15D-409C-ABC6-90544BB3A0F7}.Debug|Any CPU.Build.0 = Debug|Any CPU
		{937EDC9B-C15D-409C-ABC6-90544BB3A0F7}.Release|Any CPU.ActiveCfg = Release|Any CPU
		{937EDC9B-C15D-409C-ABC6-90544BB3A0F7}.Release|Any CPU.Build.0 = Release|Any CPU
	EndGlobalSection
	GlobalSection(SolutionProperties) = preSolution
		HideSolutionNode = FALSE
	EndGlobalSection
	GlobalSection(ExtensibilityGlobals) = postSolution
		SolutionGuid = {D34CBD55-2EA3-4FC5-A507-ABD41DE01588}
	EndGlobalSection
EndGlobal
